{
  "nodes": {
    "flakeNimbleLib": {
      "inputs": {
        "nixpkgs": [
          "nixpkgs"
        ]
      },
      "locked": {
        "lastModified": 1648105061,
        "narHash": "sha256-Je25qNlH4xrH3+m6vIq6yPvdfQ80FRTwX4JOhrRLduc=",
        "owner": "riinr",
        "repo": "nim-flakes-lib",
        "rev": "f1ec5e2f15b9f717c33b6942ce7cb344ff868522",
        "type": "github"
      },
      "original": {
        "owner": "riinr",
        "ref": "master",
        "repo": "nim-flakes-lib",
        "type": "github"
      }
    },
    "nixpkgs": {
      "locked": {
        "narHash": "sha256-7sWpWRO0IsBP5jm9qCrpuzDkWC7UAghiCmZZ+1uqHKo=",
        "path": "/nix/store/q2jrkx5a3z6yxzbfai0kxpnqki80jm3l-source",
        "type": "path"
      },
      "original": {
        "id": "nixpkgs",
        "type": "indirect"
      }
    },
    "root": {
      "inputs": {
        "flakeNimbleLib": "flakeNimbleLib",
        "nixpkgs": "nixpkgs",
        "src-nodejs-main": "src-nodejs-main"
      }
    },
    "src-nodejs-main": {
      "flake": false,
      "locked": {
        "lastModified": 1652600009,
        "narHash": "sha256-tKEUpSwVAkiMKfk5SHaRVG+JFVxuaZBgecqTHJsisGc=",
        "owner": "juancarlospaco",
        "repo": "nodestdlib",
        "rev": "8cc0925788f7ea16d92edb5d5a7d555d1fd58e56",
        "type": "github"
      },
      "original": {
        "owner": "juancarlospaco",
        "ref": "refs/heads/main",
        "repo": "nodestdlib",
        "type": "github"
      }
    }
  },
  "root": "root",
  "version": 7
}
